
Microsoft Visual Studio Solution File, Format Version 12.00
# Visual Studio Version 17
VisualStudioVersion = 17.0.32014.148
MinimumVisualStudioVersion = 10.0.40219.1
Project("{FAE04EC0-301F-11D3-BF4B-00C04F79EFBC}") = "TestGenerator", "TestGenerator\TestGenerator.csproj", "{FF47B116-4BAF-4DBF-8561-FC05166B9D5E}"
EndProject
Global
	GlobalSection(SolutionConfigurationPlatforms) = preSolution
		Debug|Any CPU = Debug|Any CPU
		Debug|x86 = Debug|x86
		Release|Any CPU = Release|Any CPU
		Release|x86 = Release|x86
	EndGlobalSection
	GlobalSection(ProjectConfigurationPlatforms) = postSolution
		{FF47B116-4BAF-4DBF-8561-FC05166B9D5E}.Debug|Any CPU.ActiveCfg = Debug|Any CPU
		{FF47B116-4BAF-4DBF-8561-FC05166B9D5E}.Debug|Any CPU.Build.0 = Debug|Any CPU
		{FF47B116-4BAF-4DBF-8561-FC05166B9D5E}.Debug|x86.ActiveCfg = Debug|x86
		{FF47B116-4BAF-4DBF-8561-FC05166B9D5E}.Debug|x86.Build.0 = Debug|x86
		{FF47B116-4BAF-4DBF-8561-FC05166B9D5E}.Release|Any CPU.ActiveCfg = Release|Any CPU
		{FF47B116-4BAF-4DBF-8561-FC05166B9D5E}.Release|Any CPU.Build.0 = Release|Any CPU
		{FF47B116-4BAF-4DBF-8561-FC05166B9D5E}.Release|x86.ActiveCfg = Release|x86
		{FF47B116-4BAF-4DBF-8561-FC05166B9D5E}.Release|x86.Build.0 = Release|x86
	EndGlobalSection
	GlobalSection(SolutionProperties) = preSolution
		HideSolutionNode = FALSE
	EndGlobalSection
	GlobalSection(ExtensibilityGlobals) = postSolution
		SolutionGuid = {1B263845-3615-4D3D-BAEA-36A7375DF0D6}
	EndGlobalSection
EndGlobal
